
Microsoft Visual Studio Solution File, Format Version 12.00
# Visual Studio 15
Project("{FAE04EC0-301F-11D3-BF4B-00C04F79EFBC}") = "Oculus.Platform", "Oculus.Platform.csproj", "{4ABAC1DA-5CFD-217F-5FCA-17B6F17CDEDA}"
EndProject
Project("{FAE04EC0-301F-11D3-BF4B-00C04F79EFBC}") = "Assembly-CSharp", "Assembly-CSharp.csproj", "{84B311F1-82B1-2588-A1D4-97BF7AEE0E62}"
EndProject
Project("{FAE04EC0-301F-11D3-BF4B-00C04F79EFBC}") = "Oculus.Interaction", "Oculus.Interaction.csproj", "{AEAAE964-B789-FCA1-123B-F4A89C89131D}"
EndProject
Project("{FAE04EC0-301F-11D3-BF4B-00C04F79EFBC}") = "Oculus.VR", "Oculus.VR.csproj", "{91456A94-0D50-5730-BB07-267827D329D8}"
EndProject
Project("{FAE04EC0-301F-11D3-BF4B-00C04F79EFBC}") = "VoiceSDK.Runtime", "VoiceSDK.Runtime.csproj", "{538A77E9-CBD7-70D4-93FD-95EDE0631714}"
EndProject
Project("{FAE04EC0-301F-11D3-BF4B-00C04F79EFBC}") = "Facebook.WitAI", "Facebook.WitAI.csproj", "{EB0AB96A-A817-9E0C-8FBF-48345488D471}"
EndProject
Project("{FAE04EC0-301F-11D3-BF4B-00C04F79EFBC}") = "Oculus.Interaction.Samples", "Oculus.Interaction.Samples.csproj", "{88649155-A8A9-83F1-0669-419AAC8B2194}"
EndProject
Project("{FAE04EC0-301F-11D3-BF4B-00C04F79EFBC}") = "Oculus.Voice.Demo", "Oculus.Voice.Demo.csproj", "{0A52E071-894E-7876-8677-9D8621A631B0}"
EndProject
Project("{FAE04EC0-301F-11D3-BF4B-00C04F79EFBC}") = "AssistantCoreSDKRuntime", "AssistantCoreSDKRuntime.csproj", "{B72ABA79-9D4A-CCA3-8C4C-432BCD44EFF1}"
EndProject
Project("{FAE04EC0-301F-11D3-BF4B-00C04F79EFBC}") = "LitJson", "LitJson.csproj", "{25182C7D-FEFB-A8C3-18E3-A7A8E38BAF65}"
EndProject
Project("{FAE04EC0-301F-11D3-BF4B-00C04F79EFBC}") = "Oculus.AudioManager", "Oculus.AudioManager.csproj", "{EA4AEB36-2A1D-ECB2-4618-2A8558A27B34}"
EndProject
Project("{FAE04EC0-301F-11D3-BF4B-00C04F79EFBC}") = "Oculus.LipSync", "Oculus.LipSync.csproj", "{64F15B83-8912-574E-E03C-3738D97765A2}"
EndProject
Project("{FAE04EC0-301F-11D3-BF4B-00C04F79EFBC}") = "Oculus.Spatializer", "Oculus.Spatializer.csproj", "{A0B130B0-012A-6A33-1B80-52260806B9BE}"
EndProject
Project("{FAE04EC0-301F-11D3-BF4B-00C04F79EFBC}") = "Facebook.Wit.Conduit", "Facebook.Wit.Conduit.csproj", "{0FF2785C-E682-FAAC-85E2-BBA3CB919368}"
EndProject
Project("{FAE04EC0-301F-11D3-BF4B-00C04F79EFBC}") = "Facebook.Wit.TTS", "Facebook.Wit.TTS.csproj", "{D9C97934-3220-14C8-9CB4-6E6B5DEC52D6}"
EndProject
Project("{FAE04EC0-301F-11D3-BF4B-00C04F79EFBC}") = "Facebook.Wit.TTS.Samples", "Facebook.Wit.TTS.Samples.csproj", "{DD787F7E-5E9D-AE2F-F2BC-F599DED6DCB8}"
EndProject
Project("{FAE04EC0-301F-11D3-BF4B-00C04F79EFBC}") = "Facebook.Wit.Editor", "Facebook.Wit.Editor.csproj", "{07FCE93D-82B6-02C3-A225-90135513BC3E}"
EndProject
Project("{FAE04EC0-301F-11D3-BF4B-00C04F79EFBC}") = "Facebook.Wit.Conduit.Editor", "Facebook.Wit.Conduit.Editor.csproj", "{786C5DE7-F810-BD2B-DF44-2F448776FF90}"
EndProject
Project("{FAE04EC0-301F-11D3-BF4B-00C04F79EFBC}") = "Oculus.Interaction.Editor", "Oculus.Interaction.Editor.csproj", "{62A46324-A76D-4AA8-59C1-A34128CA15B0}"
EndProject
Project("{FAE04EC0-301F-11D3-BF4B-00C04F79EFBC}") = "Assembly-CSharp-Editor", "Assembly-CSharp-Editor.csproj", "{E96CF9B4-0636-4271-5192-D25191601E73}"
EndProject
Project("{FAE04EC0-301F-11D3-BF4B-00C04F79EFBC}") = "Facebook.Wit.TTS.Editor", "Facebook.Wit.TTS.Editor.csproj", "{353A2C3E-C48D-1E9A-B54C-169EC0A57B26}"
EndProject
Project("{FAE04EC0-301F-11D3-BF4B-00C04F79EFBC}") = "Oculus.Platform.Editor", "Oculus.Platform.Editor.csproj", "{6F8CD72D-5044-6D36-D05C-EB0A1CF5CF09}"
EndProject
Project("{FAE04EC0-301F-11D3-BF4B-00C04F79EFBC}") = "VoiceSDK.Editor", "VoiceSDK.Editor.csproj", "{653E814A-2396-4208-7D7F-C16580F67839}"
EndProject
Project("{FAE04EC0-301F-11D3-BF4B-00C04F79EFBC}") = "Oculus.AudioManager.Audio.Editor", "Oculus.AudioManager.Audio.Editor.csproj", "{A72DA6E6-A0D6-1A95-6A8A-AE99771AE491}"
EndProject
Project("{FAE04EC0-301F-11D3-BF4B-00C04F79EFBC}") = "Oculus.VR.Scripts.Editor", "Oculus.VR.Scripts.Editor.csproj", "{DF73A6DC-42ED-6DD5-77A8-F6259C30C273}"
EndProject
Project("{FAE04EC0-301F-11D3-BF4B-00C04F79EFBC}") = "Oculus.VR.Editor", "Oculus.VR.Editor.csproj", "{B84D9CEE-FC33-D10A-902E-ED97750F4CB8}"
EndProject
Project("{FAE04EC0-301F-11D3-BF4B-00C04F79EFBC}") = "Oculus.Spatializer.Editor", "Oculus.Spatializer.Editor.csproj", "{80F0A08C-D504-9599-B48B-70B8E13ED22F}"
EndProject
Project("{FAE04EC0-301F-11D3-BF4B-00C04F79EFBC}") = "Oculus.LipSync.Editor", "Oculus.LipSync.Editor.csproj", "{918069D7-8622-E66A-AD87-F542B48FD571}"
EndProject
Project("{FAE04EC0-301F-11D3-BF4B-00C04F79EFBC}") = "Oculus.AudioManager.Utils.Editor", "Oculus.AudioManager.Utils.Editor.csproj", "{34581098-A0D2-296A-6B59-30E6C0B3B789}"
EndProject
Project("{FAE04EC0-301F-11D3-BF4B-00C04F79EFBC}") = "Oculus.Interaction.Samples.Editor", "Oculus.Interaction.Samples.Editor.csproj", "{C66A6935-7302-E49C-92E5-EA95848548C6}"
EndProject
Project("{FAE04EC0-301F-11D3-BF4B-00C04F79EFBC}") = "Oculus.Interaction.InterfaceSupport", "Oculus.Interaction.InterfaceSupport.csproj", "{A98D6357-5C99-B61A-73EF-79177704A097}"
EndProject
Project("{FAE04EC0-301F-11D3-BF4B-00C04F79EFBC}") = "AssistantCoreSDKEditor", "AssistantCoreSDKEditor.csproj", "{68BB49BC-4F8E-BF28-E28C-90B30D5064A4}"
EndProject
Global
	GlobalSection(SolutionConfigurationPlatforms) = preSolution
		Debug|Any CPU = Debug|Any CPU
		Release|Any CPU = Release|Any CPU
	EndGlobalSection
	GlobalSection(ProjectConfigurationPlatforms) = postSolution
		{4ABAC1DA-5CFD-217F-5FCA-17B6F17CDEDA}.Debug|Any CPU.ActiveCfg = Debug|Any CPU
		{4ABAC1DA-5CFD-217F-5FCA-17B6F17CDEDA}.Debug|Any CPU.Build.0 = Debug|Any CPU
		{4ABAC1DA-5CFD-217F-5FCA-17B6F17CDEDA}.Release|Any CPU.ActiveCfg = Release|Any CPU
		{4ABAC1DA-5CFD-217F-5FCA-17B6F17CDEDA}.Release|Any CPU.Build.0 = Release|Any CPU
		{84B311F1-82B1-2588-A1D4-97BF7AEE0E62}.Debug|Any CPU.ActiveCfg = Debug|Any CPU
		{84B311F1-82B1-2588-A1D4-97BF7AEE0E62}.Debug|Any CPU.Build.0 = Debug|Any CPU
		{84B311F1-82B1-2588-A1D4-97BF7AEE0E62}.Release|Any CPU.ActiveCfg = Release|Any CPU
		{84B311F1-82B1-2588-A1D4-97BF7AEE0E62}.Release|Any CPU.Build.0 = Release|Any CPU
		{AEAAE964-B789-FCA1-123B-F4A89C89131D}.Debug|Any CPU.ActiveCfg = Debug|Any CPU
		{AEAAE964-B789-FCA1-123B-F4A89C89131D}.Debug|Any CPU.Build.0 = Debug|Any CPU
		{AEAAE964-B789-FCA1-123B-F4A89C89131D}.Release|Any CPU.ActiveCfg = Release|Any CPU
		{AEAAE964-B789-FCA1-123B-F4A89C89131D}.Release|Any CPU.Build.0 = Release|Any CPU
		{91456A94-0D50-5730-BB07-267827D329D8}.Debug|Any CPU.ActiveCfg = Debug|Any CPU
		{91456A94-0D50-5730-BB07-267827D329D8}.Debug|Any CPU.Build.0 = Debug|Any CPU
		{91456A94-0D50-5730-BB07-267827D329D8}.Release|Any CPU.ActiveCfg = Release|Any CPU
		{91456A94-0D50-5730-BB07-267827D329D8}.Release|Any CPU.Build.0 = Release|Any CPU
		{538A77E9-CBD7-70D4-93FD-95EDE0631714}.Debug|Any CPU.ActiveCfg = Debug|Any CPU
		{538A77E9-CBD7-70D4-93FD-95EDE0631714}.Debug|Any CPU.Build.0 = Debug|Any CPU
		{538A77E9-CBD7-70D4-93FD-95EDE0631714}.Release|Any CPU.ActiveCfg = Release|Any CPU
		{538A77E9-CBD7-70D4-93FD-95EDE0631714}.Release|Any CPU.Build.0 = Release|Any CPU
		{EB0AB96A-A817-9E0C-8FBF-48345488D471}.Debug|Any CPU.ActiveCfg = Debug|Any CPU
		{EB0AB96A-A817-9E0C-8FBF-48345488D471}.Debug|Any CPU.Build.0 = Debug|Any CPU
		{EB0AB96A-A817-9E0C-8FBF-48345488D471}.Release|Any CPU.ActiveCfg = Release|Any CPU
		{EB0AB96A-A817-9E0C-8FBF-48345488D471}.Release|Any CPU.Build.0 = Release|Any CPU
		{88649155-A8A9-83F1-0669-419AAC8B2194}.Debug|Any CPU.ActiveCfg = Debug|Any CPU
		{88649155-A8A9-83F1-0669-419AAC8B2194}.Debug|Any CPU.Build.0 = Debug|Any CPU
		{88649155-A8A9-83F1-0669-419AAC8B2194}.Release|Any CPU.ActiveCfg = Release|Any CPU
		{88649155-A8A9-83F1-0669-419AAC8B2194}.Release|Any CPU.Build.0 = Release|Any CPU
		{0A52E071-894E-7876-8677-9D8621A631B0}.Debug|Any CPU.ActiveCfg = Debug|Any CPU
		{0A52E071-894E-7876-8677-9D8621A631B0}.Debug|Any CPU.Build.0 = Debug|Any CPU
		{0A52E071-894E-7876-8677-9D8621A631B0}.Release|Any CPU.ActiveCfg = Release|Any CPU
		{0A52E071-894E-7876-8677-9D8621A631B0}.Release|Any CPU.Build.0 = Release|Any CPU
		{B72ABA79-9D4A-CCA3-8C4C-432BCD44EFF1}.Debug|Any CPU.ActiveCfg = Debug|Any CPU
		{B72ABA79-9D4A-CCA3-8C4C-432BCD44EFF1}.Debug|Any CPU.Build.0 = Debug|Any CPU
		{B72ABA79-9D4A-CCA3-8C4C-432BCD44EFF1}.Release|Any CPU.ActiveCfg = Release|Any CPU
		{B72ABA79-9D4A-CCA3-8C4C-432BCD44EFF1}.Release|Any CPU.Build.0 = Release|Any CPU
		{25182C7D-FEFB-A8C3-18E3-A7A8E38BAF65}.Debug|Any CPU.ActiveCfg = Debug|Any CPU
		{25182C7D-FEFB-A8C3-18E3-A7A8E38BAF65}.Debug|Any CPU.Build.0 = Debug|Any CPU
		{25182C7D-FEFB-A8C3-18E3-A7A8E38BAF65}.Release|Any CPU.ActiveCfg = Release|Any CPU
		{25182C7D-FEFB-A8C3-18E3-A7A8E38BAF65}.Release|Any CPU.Build.0 = Release|Any CPU
		{EA4AEB36-2A1D-ECB2-4618-2A8558A27B34}.Debug|Any CPU.ActiveCfg = Debug|Any CPU
		{EA4AEB36-2A1D-ECB2-4618-2A8558A27B34}.Debug|Any CPU.Build.0 = Debug|Any CPU
		{EA4AEB36-2A1D-ECB2-4618-2A8558A27B34}.Release|Any CPU.ActiveCfg = Release|Any CPU
		{EA4AEB36-2A1D-ECB2-4618-2A8558A27B34}.Release|Any CPU.Build.0 = Release|Any CPU
		{64F15B83-8912-574E-E03C-3738D97765A2}.Debug|Any CPU.ActiveCfg = Debug|Any CPU
		{64F15B83-8912-574E-E03C-3738D97765A2}.Debug|Any CPU.Build.0 = Debug|Any CPU
		{64F15B83-8912-574E-E03C-3738D97765A2}.Release|Any CPU.ActiveCfg = Release|Any CPU
		{64F15B83-8912-574E-E03C-3738D97765A2}.Release|Any CPU.Build.0 = Release|Any CPU
		{A0B130B0-012A-6A33-1B80-52260806B9BE}.Debug|Any CPU.ActiveCfg = Debug|Any CPU
		{A0B130B0-012A-6A33-1B80-52260806B9BE}.Debug|Any CPU.Build.0 = Debug|Any CPU
		{A0B130B0-012A-6A33-1B80-52260806B9BE}.Release|Any CPU.ActiveCfg = Release|Any CPU
		{A0B130B0-012A-6A33-1B80-52260806B9BE}.Release|Any CPU.Build.0 = Release|Any CPU
		{0FF2785C-E682-FAAC-85E2-BBA3CB919368}.Debug|Any CPU.ActiveCfg = Debug|Any CPU
		{0FF2785C-E682-FAAC-85E2-BBA3CB919368}.Debug|Any CPU.Build.0 = Debug|Any CPU
		{0FF2785C-E682-FAAC-85E2-BBA3CB919368}.Release|Any CPU.ActiveCfg = Release|Any CPU
		{0FF2785C-E682-FAAC-85E2-BBA3CB919368}.Release|Any CPU.Build.0 = Release|Any CPU
		{D9C97934-3220-14C8-9CB4-6E6B5DEC52D6}.Debug|Any CPU.ActiveCfg = Debug|Any CPU
		{D9C97934-3220-14C8-9CB4-6E6B5DEC52D6}.Debug|Any CPU.Build.0 = Debug|Any CPU
		{D9C97934-3220-14C8-9CB4-6E6B5DEC52D6}.Release|Any CPU.ActiveCfg = Release|Any CPU
		{D9C97934-3220-14C8-9CB4-6E6B5DEC52D6}.Release|Any CPU.Build.0 = Release|Any CPU
		{DD787F7E-5E9D-AE2F-F2BC-F599DED6DCB8}.Debug|Any CPU.ActiveCfg = Debug|Any CPU
		{DD787F7E-5E9D-AE2F-F2BC-F599DED6DCB8}.Debug|Any CPU.Build.0 = Debug|Any CPU
		{DD787F7E-5E9D-AE2F-F2BC-F599DED6DCB8}.Release|Any CPU.ActiveCfg = Release|Any CPU
		{DD787F7E-5E9D-AE2F-F2BC-F599DED6DCB8}.Release|Any CPU.Build.0 = Release|Any CPU
		{07FCE93D-82B6-02C3-A225-90135513BC3E}.Debug|Any CPU.ActiveCfg = Debug|Any CPU
		{07FCE93D-82B6-02C3-A225-90135513BC3E}.Debug|Any CPU.Build.0 = Debug|Any CPU
		{07FCE93D-82B6-02C3-A225-90135513BC3E}.Release|Any CPU.ActiveCfg = Release|Any CPU
		{07FCE93D-82B6-02C3-A225-90135513BC3E}.Release|Any CPU.Build.0 = Release|Any CPU
		{786C5DE7-F810-BD2B-DF44-2F448776FF90}.Debug|Any CPU.ActiveCfg = Debug|Any CPU
		{786C5DE7-F810-BD2B-DF44-2F448776FF90}.Debug|Any CPU.Build.0 = Debug|Any CPU
		{786C5DE7-F810-BD2B-DF44-2F448776FF90}.Release|Any CPU.ActiveCfg = Release|Any CPU
		{786C5DE7-F810-BD2B-DF44-2F448776FF90}.Release|Any CPU.Build.0 = Release|Any CPU
		{62A46324-A76D-4AA8-59C1-A34128CA15B0}.Debug|Any CPU.ActiveCfg = Debug|Any CPU
		{62A46324-A76D-4AA8-59C1-A34128CA15B0}.Debug|Any CPU.Build.0 = Debug|Any CPU
		{62A46324-A76D-4AA8-59C1-A34128CA15B0}.Release|Any CPU.ActiveCfg = Release|Any CPU
		{62A46324-A76D-4AA8-59C1-A34128CA15B0}.Release|Any CPU.Build.0 = Release|Any CPU
		{E96CF9B4-0636-4271-5192-D25191601E73}.Debug|Any CPU.ActiveCfg = Debug|Any CPU
		{E96CF9B4-0636-4271-5192-D25191601E73}.Debug|Any CPU.Build.0 = Debug|Any CPU
		{E96CF9B4-0636-4271-5192-D25191601E73}.Release|Any CPU.ActiveCfg = Release|Any CPU
		{E96CF9B4-0636-4271-5192-D25191601E73}.Release|Any CPU.Build.0 = Release|Any CPU
		{353A2C3E-C48D-1E9A-B54C-169EC0A57B26}.Debug|Any CPU.ActiveCfg = Debug|Any CPU
		{353A2C3E-C48D-1E9A-B54C-169EC0A57B26}.Debug|Any CPU.Build.0 = Debug|Any CPU
		{353A2C3E-C48D-1E9A-B54C-169EC0A57B26}.Release|Any CPU.ActiveCfg = Release|Any CPU
		{353A2C3E-C48D-1E9A-B54C-169EC0A57B26}.Release|Any CPU.Build.0 = Release|Any CPU
		{6F8CD72D-5044-6D36-D05C-EB0A1CF5CF09}.Debug|Any CPU.ActiveCfg = Debug|Any CPU
		{6F8CD72D-5044-6D36-D05C-EB0A1CF5CF09}.Debug|Any CPU.Build.0 = Debug|Any CPU
		{6F8CD72D-5044-6D36-D05C-EB0A1CF5CF09}.Release|Any CPU.ActiveCfg = Release|Any CPU
		{6F8CD72D-5044-6D36-D05C-EB0A1CF5CF09}.Release|Any CPU.Build.0 = Release|Any CPU
		{653E814A-2396-4208-7D7F-C16580F67839}.Debug|Any CPU.ActiveCfg = Debug|Any CPU
		{653E814A-2396-4208-7D7F-C16580F67839}.Debug|Any CPU.Build.0 = Debug|Any CPU
		{653E814A-2396-4208-7D7F-C16580F67839}.Release|Any CPU.ActiveCfg = Release|Any CPU
		{653E814A-2396-4208-7D7F-C16580F67839}.Release|Any CPU.Build.0 = Release|Any CPU
		{A72DA6E6-A0D6-1A95-6A8A-AE99771AE491}.Debug|Any CPU.ActiveCfg = Debug|Any CPU
		{A72DA6E6-A0D6-1A95-6A8A-AE99771AE491}.Debug|Any CPU.Build.0 = Debug|Any CPU
		{A72DA6E6-A0D6-1A95-6A8A-AE99771AE491}.Release|Any CPU.ActiveCfg = Release|Any CPU
		{A72DA6E6-A0D6-1A95-6A8A-AE99771AE491}.Release|Any CPU.Build.0 = Release|Any CPU
		{DF73A6DC-42ED-6DD5-77A8-F6259C30C273}.Debug|Any CPU.ActiveCfg = Debug|Any CPU
		{DF73A6DC-42ED-6DD5-77A8-F6259C30C273}.Debug|Any CPU.Build.0 = Debug|Any CPU
		{DF73A6DC-42ED-6DD5-77A8-F6259C30C273}.Release|Any CPU.ActiveCfg = Release|Any CPU
		{DF73A6DC-42ED-6DD5-77A8-F6259C30C273}.Release|Any CPU.Build.0 = Release|Any CPU
		{B84D9CEE-FC33-D10A-902E-ED97750F4CB8}.Debug|Any CPU.ActiveCfg = Debug|Any CPU
		{B84D9CEE-FC33-D10A-902E-ED97750F4CB8}.Debug|Any CPU.Build.0 = Debug|Any CPU
		{B84D9CEE-FC33-D10A-902E-ED97750F4CB8}.Release|Any CPU.ActiveCfg = Release|Any CPU
		{B84D9CEE-FC33-D10A-902E-ED97750F4CB8}.Release|Any CPU.Build.0 = Release|Any CPU
		{80F0A08C-D504-9599-B48B-70B8E13ED22F}.Debug|Any CPU.ActiveCfg = Debug|Any CPU
		{80F0A08C-D504-9599-B48B-70B8E13ED22F}.Debug|Any CPU.Build.0 = Debug|Any CPU
		{80F0A08C-D504-9599-B48B-70B8E13ED22F}.Release|Any CPU.ActiveCfg = Release|Any CPU
		{80F0A08C-D504-9599-B48B-70B8E13ED22F}.Release|Any CPU.Build.0 = Release|Any CPU
		{918069D7-8622-E66A-AD87-F542B48FD571}.Debug|Any CPU.ActiveCfg = Debug|Any CPU
		{918069D7-8622-E66A-AD87-F542B48FD571}.Debug|Any CPU.Build.0 = Debug|Any CPU
		{918069D7-8622-E66A-AD87-F542B48FD571}.Release|Any CPU.ActiveCfg = Release|Any CPU
		{918069D7-8622-E66A-AD87-F542B48FD571}.Release|Any CPU.Build.0 = Release|Any CPU
		{34581098-A0D2-296A-6B59-30E6C0B3B789}.Debug|Any CPU.ActiveCfg = Debug|Any CPU
		{34581098-A0D2-296A-6B59-30E6C0B3B789}.Debug|Any CPU.Build.0 = Debug|Any CPU
		{34581098-A0D2-296A-6B59-30E6C0B3B789}.Release|Any CPU.ActiveCfg = Release|Any CPU
		{34581098-A0D2-296A-6B59-30E6C0B3B789}.Release|Any CPU.Build.0 = Release|Any CPU
		{C66A6935-7302-E49C-92E5-EA95848548C6}.Debug|Any CPU.ActiveCfg = Debug|Any CPU
		{C66A6935-7302-E49C-92E5-EA95848548C6}.Debug|Any CPU.Build.0 = Debug|Any CPU
		{C66A6935-7302-E49C-92E5-EA95848548C6}.Release|Any CPU.ActiveCfg = Release|Any CPU
		{C66A6935-7302-E49C-92E5-EA95848548C6}.Release|Any CPU.Build.0 = Release|Any CPU
		{A98D6357-5C99-B61A-73EF-79177704A097}.Debug|Any CPU.ActiveCfg = Debug|Any CPU
		{A98D6357-5C99-B61A-73EF-79177704A097}.Debug|Any CPU.Build.0 = Debug|Any CPU
		{A98D6357-5C99-B61A-73EF-79177704A097}.Release|Any CPU.ActiveCfg = Release|Any CPU
		{A98D6357-5C99-B61A-73EF-79177704A097}.Release|Any CPU.Build.0 = Release|Any CPU
		{68BB49BC-4F8E-BF28-E28C-90B30D5064A4}.Debug|Any CPU.ActiveCfg = Debug|Any CPU
		{68BB49BC-4F8E-BF28-E28C-90B30D5064A4}.Debug|Any CPU.Build.0 = Debug|Any CPU
		{68BB49BC-4F8E-BF28-E28C-90B30D5064A4}.Release|Any CPU.ActiveCfg = Release|Any CPU
		{68BB49BC-4F8E-BF28-E28C-90B30D5064A4}.Release|Any CPU.Build.0 = Release|Any CPU
	EndGlobalSection
	GlobalSection(SolutionProperties) = preSolution
		HideSolutionNode = FALSE
	EndGlobalSection
EndGlobal
